github.com/adityatelange/hugo-PaperMod v0.0.0-20250921135154-8e06a8ab4340 h1:R+2MMeFxCkq/oVd+sRbT47j9pvNDRyDpFz2XY8TXGVs=
github.com/adityatelange/hugo-PaperMod v0.0.0-20250921135154-8e06a8ab4340/go.mod h1:HCHxNMKYdGafUYjVV3ICiAqznZK2yH0iI53jqcDFDdQ=
github.com/ojroques/hugo-researcher v0.0.0-20250801080632-3cad6a555aa7 h1:zfbBtepJQwqLZFaIcDf/CWejPWuqeiXwd6GDDFhYqYc=
github.com/ojroques/hugo-researcher v0.0.0-20250801080632-3cad6a555aa7/go.mod h1:43it/BQ6c3voq9dVuur8TbyVB6nxU3Dy8IxrQn9JuE0=
